# This file is generated by running "yarn install" inside your project.
# Manual changes might be lost - proceed with caution!

__metadata:
  version: 8
  cacheKey: 10c0

"@esbuild/aix-ppc64@npm:0.27.2":
  version: 0.27.2
  resolution: "@esbuild/aix-ppc64@npm:0.27.2"
  conditions: os=aix & cpu=ppc64
  languageName: node
  linkType: hard

"@esbuild/android-arm64@npm:0.27.2":
  version: 0.27.2
  resolution: "@esbuild/android-arm64@npm:0.27.2"
  conditions: os=android & cpu=arm64
  languageName: node
  linkType: hard

"@esbuild/android-arm@npm:0.27.2":
  version: 0.27.2
  resolution: "@esbuild/android-arm@npm:0.27.2"
  conditions: os=android & cpu=arm
  languageName: node
  linkType: hard

"@esbuild/android-x64@npm:0.27.2":
  version: 0.27.2
  resolution: "@esbuild/android-x64@npm:0.27.2"
  conditions: os=android & cpu=x64
  languageName: node
  linkType: hard

"@esbuild/darwin-arm64@npm:0.27.2":
  version: 0.27.2
  resolution: "@esbuild/darwin-arm64@npm:0.27.2"
  conditions: os=darwin & cpu=arm64
  languageName: node
  linkType: hard

"@esbuild/darwin-x64@npm:0.27.2":
  version: 0.27.2
  resolution: "@esbuild/darwin-x64@npm:0.27.2"
  conditions: os=darwin & cpu=x64
  languageName: node
  linkType: hard

"@esbuild/freebsd-arm64@npm:0.27.2":
  version: 0.27.2
  resolution: "@esbuild/freebsd-arm64@npm:0.27.2"
  conditions: os=freebsd & cpu=arm64
  languageName: node
  linkType: hard

"@esbuild/freebsd-x64@npm:0.27.2":
  version: 0.27.2
  resolution: "@esbuild/freebsd-x64@npm:0.27.2"
  conditions: os=freebsd & cpu=x64
  languageName: node
  linkType: hard

"@esbuild/linux-arm64@npm:0.27.2":
  version: 0.27.2
  resolution: "@esbuild/linux-arm64@npm:0.27.2"
  conditions: os=linux & cpu=arm64
  languageName: node
  linkType: hard

"@esbuild/linux-arm@npm:0.27.2":
  version: 0.27.2
  resolution: "@esbuild/linux-arm@npm:0.27.2"
  conditions: os=linux & cpu=arm
  languageName: node
  linkType: hard

"@esbuild/linux-ia32@npm:0.27.2":
  version: 0.27.2
  resolution: "@esbuild/linux-ia32@npm:0.27.2"
  conditions: os=linux & cpu=ia32
  languageName: node
  linkType: hard

"@esbuild/linux-loong64@npm:0.27.2":
  version: 0.27.2
  resolution: "@esbuild/linux-loong64@npm:0.27.2"
  conditions: os=linux & cpu=loong64
  languageName: node
  linkType: hard

"@esbuild/linux-mips64el@npm:0.27.2":
  version: 0.27.2
  resolution: "@esbuild/linux-mips64el@npm:0.27.2"
  conditions: os=linux & cpu=mips64el
  languageName: node
  linkType: hard

"@esbuild/linux-ppc64@npm:0.27.2":
  version: 0.27.2
  resolution: "@esbuild/linux-ppc64@npm:0.27.2"
  conditions: os=linux & cpu=ppc64
  languageName: node
  linkType: hard

"@esbuild/linux-riscv64@npm:0.27.2":
  version: 0.27.2
  resolution: "@esbuild/linux-riscv64@npm:0.27.2"
  conditions: os=linux & cpu=riscv64
  languageName: node
  linkType: hard

"@esbuild/linux-s390x@npm:0.27.2":
  version: 0.27.2
  resolution: "@esbuild/linux-s390x@npm:0.27.2"
  conditions: os=linux & cpu=s390x
  languageName: node
  linkType: hard

"@esbuild/linux-x64@npm:0.27.2":
  version: 0.27.2
  resolution: "@esbuild/linux-x64@npm:0.27.2"
  conditions: os=linux & cpu=x64
  languageName: node
  linkType: hard

"@esbuild/netbsd-arm64@npm:0.27.2":
  version: 0.27.2
  resolution: "@esbuild/netbsd-arm64@npm:0.27.2"
  conditions: os=netbsd & cpu=arm64
  languageName: node
  linkType: hard

"@esbuild/netbsd-x64@npm:0.27.2":
  version: 0.27.2
  resolution: "@esbuild/netbsd-x64@npm:0.27.2"
  conditions: os=netbsd & cpu=x64
  languageName: node
  linkType: hard

"@esbuild/openbsd-arm64@npm:0.27.2":
  version: 0.27.2
  resolution: "@esbuild/openbsd-arm64@npm:0.27.2"
  conditions: os=openbsd & cpu=arm64
  languageName: node
  linkType: hard

"@esbuild/openbsd-x64@npm:0.27.2":
  version: 0.27.2
  resolution: "@esbuild/openbsd-x64@npm:0.27.2"
  conditions: os=openbsd & cpu=x64
  languageName: node
  linkType: hard

"@esbuild/openharmony-arm64@npm:0.27.2":
  version: 0.27.2
  resolution: "@esbuild/openharmony-arm64@npm:0.27.2"
  conditions: os=openharmony & cpu=arm64
  languageName: node
  linkType: hard

"@esbuild/sunos-x64@npm:0.27.2":
  version: 0.27.2
  resolution: "@esbuild/sunos-x64@npm:0.27.2"
  conditions: os=sunos & cpu=x64
  languageName: node
  linkType: hard

"@esbuild/win32-arm64@npm:0.27.2":
  version: 0.27.2
  resolution: "@esbuild/win32-arm64@npm:0.27.2"
  conditions: os=win32 & cpu=arm64
  languageName: node
  linkType: hard

"@esbuild/win32-ia32@npm:0.27.2":
  version: 0.27.2
  resolution: "@esbuild/win32-ia32@npm:0.27.2"
  conditions: os=win32 & cpu=ia32
  languageName: node
  linkType: hard

"@esbuild/win32-x64@npm:0.27.2":
  version: 0.27.2
  resolution: "@esbuild/win32-x64@npm:0.27.2"
  conditions: os=win32 & cpu=x64
  languageName: node
  linkType: hard

"bootstrap@npm:^5.0":
  version: 5.3.8
  resolution: "bootstrap@npm:5.3.8"
  peerDependencies:
    "@popperjs/core": ^2.11.8
  checksum: 10c0/0039a9df2c3e7bfa04f1abca199c299ff3b75869d578c0cb1721c6f1f203c91531788a5631ecbee01513481979314d0e4ba0d90c2011e6ce18fc2e0bc93e18d9
  languageName: node
  linkType: hard

"copy-anything@npm:^2.0.1":
  version: 2.0.6
  resolution: "copy-anything@npm:2.0.6"
  dependencies:
    is-what: "npm:^3.14.1"
  checksum: 10c0/2702998a8cc015f9917385b7f16b0d85f1f6e5e2fd34d99f14df584838f492f49aa0c390d973684c687e895c5c58d08b308a0400ac3e1e3d6fa1e5884a5402ad
  languageName: node
  linkType: hard

"errno@npm:^0.1.1":
  version: 0.1.8
  resolution: "errno@npm:0.1.8"
  dependencies:
    prr: "npm:~1.0.1"
  bin:
    errno: cli.js
  checksum: 10c0/83758951967ec57bf00b5f5b7dc797e6d65a6171e57ea57adcf1bd1a0b477fd9b5b35fae5be1ff18f4090ed156bce1db749fe7e317aac19d485a5d150f6a4936
  languageName: node
  linkType: hard

"esbuild@npm:^0.27.2":
  version: 0.27.2
  resolution: "esbuild@npm:0.27.2"
  dependencies:
    "@esbuild/aix-ppc64": "npm:0.27.2"
    "@esbuild/android-arm": "npm:0.27.2"
    "@esbuild/android-arm64": "npm:0.27.2"
    "@esbuild/android-x64": "npm:0.27.2"
    "@esbuild/darwin-arm64": "npm:0.27.2"
    "@esbuild/darwin-x64": "npm:0.27.2"
    "@esbuild/freebsd-arm64": "npm:0.27.2"
    "@esbuild/freebsd-x64": "npm:0.27.2"
    "@esbuild/linux-arm": "npm:0.27.2"
    "@esbuild/linux-arm64": "npm:0.27.2"
    "@esbuild/linux-ia32": "npm:0.27.2"
    "@esbuild/linux-loong64": "npm:0.27.2"
    "@esbuild/linux-mips64el": "npm:0.27.2"
    "@esbuild/linux-ppc64": "npm:0.27.2"
    "@esbuild/linux-riscv64": "npm:0.27.2"
    "@esbuild/linux-s390x": "npm:0.27.2"
    "@esbuild/linux-x64": "npm:0.27.2"
    "@esbuild/netbsd-arm64": "npm:0.27.2"
    "@esbuild/netbsd-x64": "npm:0.27.2"
    "@esbuild/openbsd-arm64": "npm:0.27.2"
    "@esbuild/openbsd-x64": "npm:0.27.2"
    "@esbuild/openharmony-arm64": "npm:0.27.2"
    "@esbuild/sunos-x64": "npm:0.27.2"
    "@esbuild/win32-arm64": "npm:0.27.2"
    "@esbuild/win32-ia32": "npm:0.27.2"
    "@esbuild/win32-x64": "npm:0.27.2"
  dependenciesMeta:
    "@esbuild/aix-ppc64":
      optional: true
    "@esbuild/android-arm":
      optional: true
    "@esbuild/android-arm64":
      optional: true
    "@esbuild/android-x64":
      optional: true
    "@esbuild/darwin-arm64":
      optional: true
    "@esbuild/darwin-x64":
      optional: true
    "@esbuild/freebsd-arm64":
      optional: true
    "@esbuild/freebsd-x64":
      optional: true
    "@esbuild/linux-arm":
      optional: true
    "@esbuild/linux-arm64":
      optional: true
    "@esbuild/linux-ia32":
      optional: true
    "@esbuild/linux-loong64":
      optional: true
    "@esbuild/linux-mips64el":
      optional: true
    "@esbuild/linux-ppc64":
      optional: true
    "@esbuild/linux-riscv64":
      optional: true
    "@esbuild/linux-s390x":
      optional: true
    "@esbuild/linux-x64":
      optional: true
    "@esbuild/netbsd-arm64":
      optional: true
    "@esbuild/netbsd-x64":
      optional: true
    "@esbuild/openbsd-arm64":
      optional: true
    "@esbuild/openbsd-x64":
      optional: true
    "@esbuild/openharmony-arm64":
      optional: true
    "@esbuild/sunos-x64":
      optional: true
    "@esbuild/win32-arm64":
      optional: true
    "@esbuild/win32-ia32":
      optional: true
    "@esbuild/win32-x64":
      optional: true
  bin:
    esbuild: bin/esbuild
  checksum: 10c0/cf83f626f55500f521d5fe7f4bc5871bec240d3deb2a01fbd379edc43b3664d1167428738a5aad8794b35d1cca985c44c375b1cd38a2ca613c77ced2c83aafcd
  languageName: node
  linkType: hard

"events@npm:^3.3.0":
  version: 3.3.0
  resolution: "events@npm:3.3.0"
  checksum: 10c0/d6b6f2adbccbcda74ddbab52ed07db727ef52e31a61ed26db9feb7dc62af7fc8e060defa65e5f8af9449b86b52cc1a1f6a79f2eafcf4e62add2b7a1fa4a432f6
  languageName: node
  linkType: hard

"graceful-fs@npm:^4.1.2":
  version: 4.2.11
  resolution: "graceful-fs@npm:4.2.11"
  checksum: 10c0/386d011a553e02bc594ac2ca0bd6d9e4c22d7fa8cfbfc448a6d148c59ea881b092db9dbe3547ae4b88e55f1b01f7c4a2ecc53b310c042793e63aa44cf6c257f2
  languageName: node
  linkType: hard

"graph-sandbox-frontend@workspace:.":
  version: 0.0.0-use.local
  resolution: "graph-sandbox-frontend@workspace:."
  dependencies:
    bootstrap: "npm:^5.0"
    esbuild: "npm:^0.27.2"
    graphology: "npm:^0.26.0"
    graphology-layout: "npm:^0.6.1"
    graphology-layout-force: "npm:^0.2.4"
    graphology-layout-forceatlas2: "npm:^0.10.1"
    graphology-layout-noverlap: "npm:^0.4.2"
    graphology-types: "npm:^0.24.8"
    less: "npm:^4.5.1"
    mitt: "npm:^3.0.1"
    sigma: "npm:^3.0.2"
  languageName: unknown
  linkType: soft

"graphology-layout-force@npm:^0.2.4":
  version: 0.2.4
  resolution: "graphology-layout-force@npm:0.2.4"
  dependencies:
    graphology-utils: "npm:^2.4.2"
  peerDependencies:
    graphology-types: ">=0.19.0"
  checksum: 10c0/53263f627a7b95cf8bb8f0b6b6a9eb1f8fae4877676199463f83d3b35056608ae7ac1192d889e24b997616968a8977359efb61129bc9864feb24ac36f7957db8
  languageName: node
  linkType: hard

"graphology-layout-forceatlas2@npm:^0.10.1":
  version: 0.10.1
  resolution: "graphology-layout-forceatlas2@npm:0.10.1"
  dependencies:
    graphology-utils: "npm:^2.1.0"
  peerDependencies:
    graphology-types: ">=0.19.0"
  checksum: 10c0/a5d5798503368322ce0b803f2f1528a99be9ec9cf2953f53a6f271e28c67ea3e190812e0271441138c61955935442a967d3d320b38825237c183f208b4d7907e
  languageName: node
  linkType: hard

"graphology-layout-noverlap@npm:^0.4.2":
  version: 0.4.2
  resolution: "graphology-layout-noverlap@npm:0.4.2"
  dependencies:
    graphology-utils: "npm:^2.3.0"
  peerDependencies:
    graphology-types: ">=0.19.0"
  checksum: 10c0/db308aad46bef4168fffd8408357a7cc3549dce3e5868440f1da7469b585f1078eb75a1d1196d74e9a730a60ca87a73a903efad07164ed8506996bf275b8ea1b
  languageName: node
  linkType: hard

"graphology-layout@npm:^0.6.1":
  version: 0.6.1
  resolution: "graphology-layout@npm:0.6.1"
  dependencies:
    graphology-utils: "npm:^2.3.0"
    pandemonium: "npm:^2.4.0"
  peerDependencies:
    graphology-types: ">=0.19.0"
  checksum: 10c0/006f5ef849ff8daf2e8f321f75b16a4a9217df0642750d09926cc2206d6f0b896f08fbe9c2ae2f496b67f34462028a65387ed8ca2ba247acfca718c6901830c6
  languageName: node
  linkType: hard

"graphology-types@npm:^0.24.8":
  version: 0.24.8
  resolution: "graphology-types@npm:0.24.8"
  checksum: 10c0/2c829a739ed2554934489b994140130007ae5b2281cb818f90371cae5cbeb27d574b552597af462d22694044abfeddfe179c2b94c736c8cfb2a7a35e43a8f894
  languageName: node
  linkType: hard

"graphology-utils@npm:^2.1.0, graphology-utils@npm:^2.3.0, graphology-utils@npm:^2.4.2, graphology-utils@npm:^2.5.2":
  version: 2.5.2
  resolution: "graphology-utils@npm:2.5.2"
  peerDependencies:
    graphology-types: ">=0.23.0"
  checksum: 10c0/5817142b3b1fa677e9dc8f2a4ff71e52c36dbb02ecd02a73cd2299b5958336da33835b2a729f087251c37d66aaa1ab4ff119e17f4959e88eeb551cc09e5880fc
  languageName: node
  linkType: hard

"graphology@npm:^0.26.0":
  version: 0.26.0
  resolution: "graphology@npm:0.26.0"
  dependencies:
    events: "npm:^3.3.0"
  peerDependencies:
    graphology-types: ">=0.24.0"
  checksum: 10c0/9a480853c7075be21cbdd7dc0efb1677c9acb8d3d4d882e44d4e0944ce74a279cf666a70e8a777274a7800ed57d8b47fff5ff66689bfd37d318fc32aff7137a0
  languageName: node
  linkType: hard

"iconv-lite@npm:^0.6.3":
  version: 0.6.3
  resolution: "iconv-lite@npm:0.6.3"
  dependencies:
    safer-buffer: "npm:>= 2.1.2 < 3.0.0"
  checksum: 10c0/98102bc66b33fcf5ac044099d1257ba0b7ad5e3ccd3221f34dd508ab4070edff183276221684e1e0555b145fce0850c9f7d2b60a9fcac50fbb4ea0d6e845a3b1
  languageName: node
  linkType: hard

"image-size@npm:~0.5.0":
  version: 0.5.5
  resolution: "image-size@npm:0.5.5"
  bin:
    image-size: bin/image-size.js
  checksum: 10c0/655204163af06732f483a9fe7cce9dff4a29b7b2e88f5c957a5852e8143fa750f5e54b1955a2ca83de99c5220dbd680002d0d4e09140b01433520f4d5a0b1f4c
  languageName: node
  linkType: hard

"is-what@npm:^3.14.1":
  version: 3.14.1
  resolution: "is-what@npm:3.14.1"
  checksum: 10c0/4b770b85454c877b6929a84fd47c318e1f8c2ff70fd72fd625bc3fde8e0c18a6e57345b6e7aa1ee9fbd1c608d27cfe885df473036c5c2e40cd2187250804a2c7
  languageName: node
  linkType: hard

"less@npm:^4.5.1":
  version: 4.5.1
  resolution: "less@npm:4.5.1"
  dependencies:
    copy-anything: "npm:^2.0.1"
    errno: "npm:^0.1.1"
    graceful-fs: "npm:^4.1.2"
    image-size: "npm:~0.5.0"
    make-dir: "npm:^2.1.0"
    mime: "npm:^1.4.1"
    needle: "npm:^3.1.0"
    parse-node-version: "npm:^1.0.1"
    source-map: "npm:~0.6.0"
    tslib: "npm:^2.3.0"
  dependenciesMeta:
    errno:
      optional: true
    graceful-fs:
      optional: true
    image-size:
      optional: true
    make-dir:
      optional: true
    mime:
      optional: true
    needle:
      optional: true
    source-map:
      optional: true
  bin:
    lessc: bin/lessc
  checksum: 10c0/1a9699904a68c8ba4c245aa007d00671553e20f8be4530359606a08bf6d85e31973499f4dff087e2ec9f713ce7f535ce2e9a91ce39b26d31777e6a34afec4eca
  languageName: node
  linkType: hard

"make-dir@npm:^2.1.0":
  version: 2.1.0
  resolution: "make-dir@npm:2.1.0"
  dependencies:
    pify: "npm:^4.0.1"
    semver: "npm:^5.6.0"
  checksum: 10c0/ada869944d866229819735bee5548944caef560d7a8536ecbc6536edca28c72add47cc4f6fc39c54fb25d06b58da1f8994cf7d9df7dadea047064749efc085d8
  languageName: node
  linkType: hard

"mime@npm:^1.4.1":
  version: 1.6.0
  resolution: "mime@npm:1.6.0"
  bin:
    mime: cli.js
  checksum: 10c0/b92cd0adc44888c7135a185bfd0dddc42c32606401c72896a842ae15da71eb88858f17669af41e498b463cd7eb998f7b48939a25b08374c7924a9c8a6f8a81b0
  languageName: node
  linkType: hard

"mitt@npm:^3.0.1":
  version: 3.0.1
  resolution: "mitt@npm:3.0.1"
  checksum: 10c0/3ab4fdecf3be8c5255536faa07064d05caa3dd332bd318ff02e04621f7b3069ca1de9106cfe8e7ced675abfc2bec2ce4c4ef321c4a1bb1fb29df8ae090741913
  languageName: node
  linkType: hard

"mnemonist@npm:^0.39.2":
  version: 0.39.8
  resolution: "mnemonist@npm:0.39.8"
  dependencies:
    obliterator: "npm:^2.0.1"
  checksum: 10c0/fa810768d290919c4ecd3f8ba5c8458bc45df08d1c72fac8f3897721cd90ab42ee1c642cc5208cfd649d40222998dc011127702117c0ca676f243cc80f42cc11
  languageName: node
  linkType: hard

"needle@npm:^3.1.0":
  version: 3.3.1
  resolution: "needle@npm:3.3.1"
  dependencies:
    iconv-lite: "npm:^0.6.3"
    sax: "npm:^1.2.4"
  bin:
    needle: bin/needle
  checksum: 10c0/233b9315d47b735867d03e7a018fb665ee6cacf3a83b991b19538019cf42b538a3e85ca745c840b4c5e9a0ffdca76472f941363bf7c166214ae8cbc650fd4d39
  languageName: node
  linkType: hard

"obliterator@npm:^2.0.1":
  version: 2.0.5
  resolution: "obliterator@npm:2.0.5"
  checksum: 10c0/36e67d88271c51aa6412a7d449d6c60ae6387176f94dbc557eea67456bf6ccedbcbcecdb1e56438aa4f4694f68f531b3bf2be87b019e2f69961b144bec124e70
  languageName: node
  linkType: hard

"pandemonium@npm:^2.4.0":
  version: 2.4.1
  resolution: "pandemonium@npm:2.4.1"
  dependencies:
    mnemonist: "npm:^0.39.2"
  checksum: 10c0/af46e158e41ba1823884e4f0e224d35dc9bf38ece217ce73e29096b7aae466a865759bfd1ac82ad19dfe88b9c3cbf5334c5a4c23b90d675b58afd5093b6badca
  languageName: node
  linkType: hard

"parse-node-version@npm:^1.0.1":
  version: 1.0.1
  resolution: "parse-node-version@npm:1.0.1"
  checksum: 10c0/999cd3d7da1425c2e182dce82b226c6dc842562d3ed79ec47f5c719c32a7f6c1a5352495b894fc25df164be7f2ede4224758255da9902ddef81f2b77ba46bb2c
  languageName: node
  linkType: hard

"pify@npm:^4.0.1":
  version: 4.0.1
  resolution: "pify@npm:4.0.1"
  checksum: 10c0/6f9d404b0d47a965437403c9b90eca8bb2536407f03de165940e62e72c8c8b75adda5516c6b9b23675a5877cc0bcac6bdfb0ef0e39414cd2476d5495da40e7cf
  languageName: node
  linkType: hard

"prr@npm:~1.0.1":
  version: 1.0.1
  resolution: "prr@npm:1.0.1"
  checksum: 10c0/5b9272c602e4f4472a215e58daff88f802923b84bc39c8860376bb1c0e42aaf18c25d69ad974bd06ec6db6f544b783edecd5502cd3d184748d99080d68e4be5f
  languageName: node
  linkType: hard

"safer-buffer@npm:>= 2.1.2 < 3.0.0":
  version: 2.1.2
  resolution: "safer-buffer@npm:2.1.2"
  checksum: 10c0/7e3c8b2e88a1841c9671094bbaeebd94448111dd90a81a1f606f3f67708a6ec57763b3b47f06da09fc6054193e0e6709e77325415dc8422b04497a8070fa02d4
  languageName: node
  linkType: hard

"sax@npm:^1.2.4":
  version: 1.4.3
  resolution: "sax@npm:1.4.3"
  checksum: 10c0/45bba07561d93f184a8686e1a543418ced8c844b994fbe45cc49d5cd2fc8ac7ec949dae38565e35e388ad0cca2b75997a29b6857c927bf6553da3f80ed0e4e62
  languageName: node
  linkType: hard

"semver@npm:^5.6.0":
  version: 5.7.2
  resolution: "semver@npm:5.7.2"
  bin:
    semver: bin/semver
  checksum: 10c0/e4cf10f86f168db772ae95d86ba65b3fd6c5967c94d97c708ccb463b778c2ee53b914cd7167620950fc07faf5a564e6efe903836639e512a1aa15fbc9667fa25
  languageName: node
  linkType: hard

"sigma@npm:^3.0.2":
  version: 3.0.2
  resolution: "sigma@npm:3.0.2"
  dependencies:
    events: "npm:^3.3.0"
    graphology-utils: "npm:^2.5.2"
  checksum: 10c0/925a8e75248020797988bf70ee4c18ae311164bfdd4ef228549736909732d11c3f338ee0c68a52de7149997817189a6bdc539905d8631bba08baf85bd3ec2517
  languageName: node
  linkType: hard

"source-map@npm:~0.6.0":
  version: 0.6.1
  resolution: "source-map@npm:0.6.1"
  checksum: 10c0/ab55398007c5e5532957cb0beee2368529618ac0ab372d789806f5718123cc4367d57de3904b4e6a4170eb5a0b0f41373066d02ca0735a0c4d75c7d328d3e011
  languageName: node
  linkType: hard

"tslib@npm:^2.3.0":
  version: 2.8.1
  resolution: "tslib@npm:2.8.1"
  checksum: 10c0/9c4759110a19c53f992d9aae23aac5ced636e99887b51b9e61def52611732872ff7668757d4e4c61f19691e36f4da981cd9485e869b4a7408d689f6bf1f14e62
  languageName: node
  linkType: hard
